// !$*UTF8*$!
{
	archiveVersion = 1;
	classes = {
	};
	objectVersion = 50;
	objects = {

/* Begin PBXBuildFile section */
		19139EAA218D998100BBD6BD /* AddLocationViewController.swift in Sources */ = {isa = PBXBuildFile; fileRef = 19139EA9218D998100BBD6BD /* AddLocationViewController.swift */; };
		19139EAD218D9F8800BBD6BD /* OpenWeatherMap.swift in Sources */ = {isa = PBXBuildFile; fileRef = 19139EAC218D9F8800BBD6BD /* OpenWeatherMap.swift */; };
		19139EAF218DA2A100BBD6BD /* HTTPStatusCode.swift in Sources */ = {isa = PBXBuildFile; fileRef = 19139EAE218DA2A100BBD6BD /* HTTPStatusCode.swift */; };
		19139EB1218DA3D800BBD6BD /* URLRequest.swift in Sources */ = {isa = PBXBuildFile; fileRef = 19139EB0218DA3D800BBD6BD /* URLRequest.swift */; };
		19139EB4218DA83000BBD6BD /* WeatherQueryItem.swift in Sources */ = {isa = PBXBuildFile; fileRef = 19139EB3218DA83000BBD6BD /* WeatherQueryItem.swift */; };
		19139EB8218DB22000BBD6BD /* WeatherData.swift in Sources */ = {isa = PBXBuildFile; fileRef = 19139EB7218DB22000BBD6BD /* WeatherData.swift */; };
		19139EBA218DB25000BBD6BD /* WeatherOverView.swift in Sources */ = {isa = PBXBuildFile; fileRef = 19139EB9218DB25000BBD6BD /* WeatherOverView.swift */; };
		19139EBC218DB50600BBD6BD /* WeatherClouds.swift in Sources */ = {isa = PBXBuildFile; fileRef = 19139EBB218DB50600BBD6BD /* WeatherClouds.swift */; };
		19139EC0218DB6E900BBD6BD /* WeatherPrecipation.swift in Sources */ = {isa = PBXBuildFile; fileRef = 19139EBF218DB6E900BBD6BD /* WeatherPrecipation.swift */; };
		19139EC2218DB7BE00BBD6BD /* WeatherSystem.swift in Sources */ = {isa = PBXBuildFile; fileRef = 19139EC1218DB7BE00BBD6BD /* WeatherSystem.swift */; };
		19139EC4218DBA5800BBD6BD /* Units.swift in Sources */ = {isa = PBXBuildFile; fileRef = 19139EC3218DBA5800BBD6BD /* Units.swift */; };
		19139EC6218DBB4900BBD6BD /* Persistence.swift in Sources */ = {isa = PBXBuildFile; fileRef = 19139EC5218DBB4900BBD6BD /* Persistence.swift */; };
		19139ECA218DBCCA00BBD6BD /* City+CoreDataClass.swift in Sources */ = {isa = PBXBuildFile; fileRef = 19139EC8218DBCCA00BBD6BD /* City+CoreDataClass.swift */; };
		19139ECB218DBCCA00BBD6BD /* City+CoreDataProperties.swift in Sources */ = {isa = PBXBuildFile; fileRef = 19139EC9218DBCCA00BBD6BD /* City+CoreDataProperties.swift */; };
		19139ECF218DBE4D00BBD6BD /* City+Persistence.swift in Sources */ = {isa = PBXBuildFile; fileRef = 19139ECE218DBE4D00BBD6BD /* City+Persistence.swift */; };
		19139ED1218DC55900BBD6BD /* CityCell.swift in Sources */ = {isa = PBXBuildFile; fileRef = 19139ED0218DC55900BBD6BD /* CityCell.swift */; };
		19139ED4218E036C00BBD6BD /* CityDetailViewController.swift in Sources */ = {isa = PBXBuildFile; fileRef = 19139ED3218E036C00BBD6BD /* CityDetailViewController.swift */; };
		19139ED6218E19D000BBD6BD /* LocationOverviewCell.swift in Sources */ = {isa = PBXBuildFile; fileRef = 19139ED5218E19D000BBD6BD /* LocationOverviewCell.swift */; };
		19139ED9218E3B0900BBD6BD /* ErrorDialog.swift in Sources */ = {isa = PBXBuildFile; fileRef = 19139ED8218E3B0900BBD6BD /* ErrorDialog.swift */; };
		19139EDD218E436400BBD6BD /* LocationTemperatureAndWindCell.swift in Sources */ = {isa = PBXBuildFile; fileRef = 19139EDC218E436300BBD6BD /* LocationTemperatureAndWindCell.swift */; };
		19139EDF218E47EA00BBD6BD /* LocationPrecipationCell.swift in Sources */ = {isa = PBXBuildFile; fileRef = 19139EDE218E47EA00BBD6BD /* LocationPrecipationCell.swift */; };
		19139EE1218E4B2200BBD6BD /* WeatherForecastItem.swift in Sources */ = {isa = PBXBuildFile; fileRef = 19139EE0218E4B2200BBD6BD /* WeatherForecastItem.swift */; };
		19139EE3218E4EF900BBD6BD /* LocationForecastHolderCell.swift in Sources */ = {isa = PBXBuildFile; fileRef = 19139EE2218E4EF900BBD6BD /* LocationForecastHolderCell.swift */; };
		19139EE6218E51F100BBD6BD /* LocationForecastViewController.swift in Sources */ = {isa = PBXBuildFile; fileRef = 19139EE5218E51F100BBD6BD /* LocationForecastViewController.swift */; };
		19139EE8218E52A600BBD6BD /* LocationForecastCell.swift in Sources */ = {isa = PBXBuildFile; fileRef = 19139EE7218E52A600BBD6BD /* LocationForecastCell.swift */; };
		19139EEA218ED3E100BBD6BD /* Fonts.swift in Sources */ = {isa = PBXBuildFile; fileRef = 19139EE9218ED3E100BBD6BD /* Fonts.swift */; };
		19139EED218EE38000BBD6BD /* SettingsViewController.swift in Sources */ = {isa = PBXBuildFile; fileRef = 19139EEC218EE38000BBD6BD /* SettingsViewController.swift */; };
		19139EEF218EE80600BBD6BD /* Settings.swift in Sources */ = {isa = PBXBuildFile; fileRef = 19139EEE218EE80600BBD6BD /* Settings.swift */; };
		19139EF2218EEE0600BBD6BD /* HelpViewController.swift in Sources */ = {isa = PBXBuildFile; fileRef = 19139EF1218EEE0600BBD6BD /* HelpViewController.swift */; };
		19139EF4218EEEE400BBD6BD /* help.html in Resources */ = {isa = PBXBuildFile; fileRef = 19139EF3218EEEE400BBD6BD /* help.html */; };
		19139F05218EFEA900BBD6BD /* WeatherOverViewTests.swift in Sources */ = {isa = PBXBuildFile; fileRef = 19139F04218EFEA900BBD6BD /* WeatherOverViewTests.swift */; };
		19139F07218EFF2400BBD6BD /* weatheroverview.json in Resources */ = {isa = PBXBuildFile; fileRef = 19139F06218EFF2400BBD6BD /* weatheroverview.json */; };
		19139F08218F016200BBD6BD /* WeatherOverView.swift in Sources */ = {isa = PBXBuildFile; fileRef = 19139EB9218DB25000BBD6BD /* WeatherOverView.swift */; };
		19139F09218F016200BBD6BD /* WeatherQueryItem.swift in Sources */ = {isa = PBXBuildFile; fileRef = 19139EB3218DA83000BBD6BD /* WeatherQueryItem.swift */; };
		19139F0A218F016200BBD6BD /* WeatherData.swift in Sources */ = {isa = PBXBuildFile; fileRef = 19139EB7218DB22000BBD6BD /* WeatherData.swift */; };
		19139F0B218F016200BBD6BD /* WeatherClouds.swift in Sources */ = {isa = PBXBuildFile; fileRef = 19139EBB218DB50600BBD6BD /* WeatherClouds.swift */; };
		19139F0C218F016200BBD6BD /* WeatherPrecipation.swift in Sources */ = {isa = PBXBuildFile; fileRef = 19139EBF218DB6E900BBD6BD /* WeatherPrecipation.swift */; };
		19139F0D218F016200BBD6BD /* WeatherSystem.swift in Sources */ = {isa = PBXBuildFile; fileRef = 19139EC1218DB7BE00BBD6BD /* WeatherSystem.swift */; };
		19139F0E218F016200BBD6BD /* WeatherForecastItem.swift in Sources */ = {isa = PBXBuildFile; fileRef = 19139EE0218E4B2200BBD6BD /* WeatherForecastItem.swift */; };
		19139F0F218F01F200BBD6BD /* Units.swift in Sources */ = {isa = PBXBuildFile; fileRef = 19139EC3218DBA5800BBD6BD /* Units.swift */; };
		19139F11218F034800BBD6BD /* weatherdata.json in Resources */ = {isa = PBXBuildFile; fileRef = 19139F10218F034800BBD6BD /* weatherdata.json */; };
		19139F13218F036B00BBD6BD /* WeatherDataTests.swift in Sources */ = {isa = PBXBuildFile; fileRef = 19139F12218F036B00BBD6BD /* WeatherDataTests.swift */; };
		19139F15218F046200BBD6BD /* weatherclouds.json in Resources */ = {isa = PBXBuildFile; fileRef = 19139F14218F046200BBD6BD /* weatherclouds.json */; };
		19139F17218F048000BBD6BD /* WeatherCloudsTests.swift in Sources */ = {isa = PBXBuildFile; fileRef = 19139F16218F048000BBD6BD /* WeatherCloudsTests.swift */; };
		19139F19218F050000BBD6BD /* weatherprecipation.json in Resources */ = {isa = PBXBuildFile; fileRef = 19139F18218F050000BBD6BD /* weatherprecipation.json */; };
		19139F1B218F053E00BBD6BD /* WeatherPrecipationTests.swift in Sources */ = {isa = PBXBuildFile; fileRef = 19139F1A218F053E00BBD6BD /* WeatherPrecipationTests.swift */; };
		19139F1D218F05C900BBD6BD /* weathersystem.json in Resources */ = {isa = PBXBuildFile; fileRef = 19139F1C218F05C900BBD6BD /* weathersystem.json */; };
		19139F1F218F05E200BBD6BD /* WeatherSystemTests.swift in Sources */ = {isa = PBXBuildFile; fileRef = 19139F1E218F05E200BBD6BD /* WeatherSystemTests.swift */; };
		19139F21218F082100BBD6BD /* weatherforecastitem.json in Resources */ = {isa = PBXBuildFile; fileRef = 19139F20218F082100BBD6BD /* weatherforecastitem.json */; };
		19139F23218F084700BBD6BD /* WeatherForecastItemTests.swift in Sources */ = {isa = PBXBuildFile; fileRef = 19139F22218F084700BBD6BD /* WeatherForecastItemTests.swift */; };
		19139F25218F09FB00BBD6BD /* weatherqueryitem.json in Resources */ = {isa = PBXBuildFile; fileRef = 19139F24218F09FB00BBD6BD /* weatherqueryitem.json */; };
		19139F27218F0A1600BBD6BD /* WeatherQueryItemTests.swift in Sources */ = {isa = PBXBuildFile; fileRef = 19139F26218F0A1600BBD6BD /* WeatherQueryItemTests.swift */; };
		19139F29218F0C0200BBD6BD /* UnitsTests.swift in Sources */ = {isa = PBXBuildFile; fileRef = 19139F28218F0C0200BBD6BD /* UnitsTests.swift */; };
		19DE57EA218D946D003268F0 /* AppDelegate.swift in Sources */ = {isa = PBXBuildFile; fileRef = 19DE57E9218D946D003268F0 /* AppDelegate.swift */; };
		19DE57EF218D946D003268F0 /* Main.storyboard in Resources */ = {isa = PBXBuildFile; fileRef = 19DE57ED218D946D003268F0 /* Main.storyboard */; };
		19DE57F2218D946D003268F0 /* backbaseassignment.xcdatamodeld in Sources */ = {isa = PBXBuildFile; fileRef = 19DE57F0218D946D003268F0 /* backbaseassignment.xcdatamodeld */; };
		19DE57F4218D9470003268F0 /* Assets.xcassets in Resources */ = {isa = PBXBuildFile; fileRef = 19DE57F3218D9470003268F0 /* Assets.xcassets */; };
		19DE57F7218D9470003268F0 /* LaunchScreen.storyboard in Resources */ = {isa = PBXBuildFile; fileRef = 19DE57F5218D9470003268F0 /* LaunchScreen.storyboard */; };
		19DE5804218D95E3003268F0 /* MainViewController.swift in Sources */ = {isa = PBXBuildFile; fileRef = 19DE5803218D95E3003268F0 /* MainViewController.swift */; };
/* End PBXBuildFile section */

/* Begin PBXContainerItemProxy section */
		19139EFF218EFE6A00BBD6BD /* PBXContainerItemProxy */ = {
			isa = PBXContainerItemProxy;
			containerPortal = 19DE57DE218D946D003268F0 /* Project object */;
			proxyType = 1;
			remoteGlobalIDString = 19DE57E5218D946D003268F0;
			remoteInfo = backbaseassignment;
		};
/* End PBXContainerItemProxy section */

/* Begin PBXFileReference section */
		19139EA9218D998100BBD6BD /* AddLocationViewController.swift */ = {isa = PBXFileReference; lastKnownFileType = sourcecode.swift; path = AddLocationViewController.swift; sourceTree = "<group>"; };
		19139EAC218D9F8800BBD6BD /* OpenWeatherMap.swift */ = {isa = PBXFileReference; lastKnownFileType = sourcecode.swift; path = OpenWeatherMap.swift; sourceTree = "<group>"; };
		19139EAE218DA2A100BBD6BD /* HTTPStatusCode.swift */ = {isa = PBXFileReference; lastKnownFileType = sourcecode.swift; path = HTTPStatusCode.swift; sourceTree = "<group>"; };
		19139EB0218DA3D800BBD6BD /* URLRequest.swift */ = {isa = PBXFileReference; lastKnownFileType = sourcecode.swift; path = URLRequest.swift; sourceTree = "<group>"; };
		19139EB3218DA83000BBD6BD /* WeatherQueryItem.swift */ = {isa = PBXFileReference; lastKnownFileType = sourcecode.swift; path = WeatherQueryItem.swift; sourceTree = "<group>"; };
		19139EB7218DB22000BBD6BD /* WeatherData.swift */ = {isa = PBXFileReference; lastKnownFileType = sourcecode.swift; path = WeatherData.swift; sourceTree = "<group>"; };
		19139EB9218DB25000BBD6BD /* WeatherOverView.swift */ = {isa = PBXFileReference; fileEncoding = 4; lastKnownFileType = sourcecode.swift; path = WeatherOverView.swift; sourceTree = "<group>"; };
		19139EBB218DB50600BBD6BD /* WeatherClouds.swift */ = {isa = PBXFileReference; lastKnownFileType = sourcecode.swift; path = WeatherClouds.swift; sourceTree = "<group>"; };
		19139EBF218DB6E900BBD6BD /* WeatherPrecipation.swift */ = {isa = PBXFileReference; fileEncoding = 4; lastKnownFileType = sourcecode.swift; path = WeatherPrecipation.swift; sourceTree = "<group>"; };
		19139EC1218DB7BE00BBD6BD /* WeatherSystem.swift */ = {isa = PBXFileReference; lastKnownFileType = sourcecode.swift; path = WeatherSystem.swift; sourceTree = "<group>"; };
		19139EC3218DBA5800BBD6BD /* Units.swift */ = {isa = PBXFileReference; lastKnownFileType = sourcecode.swift; path = Units.swift; sourceTree = "<group>"; };
		19139EC5218DBB4900BBD6BD /* Persistence.swift */ = {isa = PBXFileReference; lastKnownFileType = sourcecode.swift; path = Persistence.swift; sourceTree = "<group>"; };
		19139EC8218DBCCA00BBD6BD /* City+CoreDataClass.swift */ = {isa = PBXFileReference; lastKnownFileType = sourcecode.swift; path = "City+CoreDataClass.swift"; sourceTree = "<group>"; };
		19139EC9218DBCCA00BBD6BD /* City+CoreDataProperties.swift */ = {isa = PBXFileReference; lastKnownFileType = sourcecode.swift; path = "City+CoreDataProperties.swift"; sourceTree = "<group>"; };
		19139ECE218DBE4D00BBD6BD /* City+Persistence.swift */ = {isa = PBXFileReference; lastKnownFileType = sourcecode.swift; path = "City+Persistence.swift"; sourceTree = "<group>"; };
		19139ED0218DC55900BBD6BD /* CityCell.swift */ = {isa = PBXFileReference; lastKnownFileType = sourcecode.swift; path = CityCell.swift; sourceTree = "<group>"; };
		19139ED3218E036C00BBD6BD /* CityDetailViewController.swift */ = {isa = PBXFileReference; lastKnownFileType = sourcecode.swift; path = CityDetailViewController.swift; sourceTree = "<group>"; };
		19139ED5218E19D000BBD6BD /* LocationOverviewCell.swift */ = {isa = PBXFileReference; lastKnownFileType = sourcecode.swift; path = LocationOverviewCell.swift; sourceTree = "<group>"; };
		19139ED8218E3B0900BBD6BD /* ErrorDialog.swift */ = {isa = PBXFileReference; lastKnownFileType = sourcecode.swift; path = ErrorDialog.swift; sourceTree = "<group>"; };
		19139EDC218E436300BBD6BD /* LocationTemperatureAndWindCell.swift */ = {isa = PBXFileReference; fileEncoding = 4; lastKnownFileType = sourcecode.swift; path = LocationTemperatureAndWindCell.swift; sourceTree = "<group>"; };
		19139EDE218E47EA00BBD6BD /* LocationPrecipationCell.swift */ = {isa = PBXFileReference; lastKnownFileType = sourcecode.swift; path = LocationPrecipationCell.swift; sourceTree = "<group>"; };
		19139EE0218E4B2200BBD6BD /* WeatherForecastItem.swift */ = {isa = PBXFileReference; lastKnownFileType = sourcecode.swift; path = WeatherForecastItem.swift; sourceTree = "<group>"; };
		19139EE2218E4EF900BBD6BD /* LocationForecastHolderCell.swift */ = {isa = PBXFileReference; lastKnownFileType = sourcecode.swift; path = LocationForecastHolderCell.swift; sourceTree = "<group>"; };
		19139EE5218E51F100BBD6BD /* LocationForecastViewController.swift */ = {isa = PBXFileReference; lastKnownFileType = sourcecode.swift; path = LocationForecastViewController.swift; sourceTree = "<group>"; };
		19139EE7218E52A600BBD6BD /* LocationForecastCell.swift */ = {isa = PBXFileReference; lastKnownFileType = sourcecode.swift; path = LocationForecastCell.swift; sourceTree = "<group>"; };
		19139EE9218ED3E100BBD6BD /* Fonts.swift */ = {isa = PBXFileReference; lastKnownFileType = sourcecode.swift; path = Fonts.swift; sourceTree = "<group>"; };
		19139EEC218EE38000BBD6BD /* SettingsViewController.swift */ = {isa = PBXFileReference; lastKnownFileType = sourcecode.swift; path = SettingsViewController.swift; sourceTree = "<group>"; };
		19139EEE218EE80600BBD6BD /* Settings.swift */ = {isa = PBXFileReference; lastKnownFileType = sourcecode.swift; path = Settings.swift; sourceTree = "<group>"; };
		19139EF1218EEE0600BBD6BD /* HelpViewController.swift */ = {isa = PBXFileReference; lastKnownFileType = sourcecode.swift; path = HelpViewController.swift; sourceTree = "<group>"; };
		19139EF3218EEEE400BBD6BD /* help.html */ = {isa = PBXFileReference; lastKnownFileType = text.html; path = help.html; sourceTree = "<group>"; };
		19139EFA218EFE6A00BBD6BD /* backbaseassignmentTests.xctest */ = {isa = PBXFileReference; explicitFileType = wrapper.cfbundle; includeInIndex = 0; path = backbaseassignmentTests.xctest; sourceTree = BUILT_PRODUCTS_DIR; };
		19139EFE218EFE6A00BBD6BD /* Info.plist */ = {isa = PBXFileReference; lastKnownFileType = text.plist.xml; path = Info.plist; sourceTree = "<group>"; };
		19139F04218EFEA900BBD6BD /* WeatherOverViewTests.swift */ = {isa = PBXFileReference; lastKnownFileType = sourcecode.swift; path = WeatherOverViewTests.swift; sourceTree = "<group>"; };
		19139F06218EFF2400BBD6BD /* weatheroverview.json */ = {isa = PBXFileReference; lastKnownFileType = text.json; path = weatheroverview.json; sourceTree = "<group>"; };
		19139F10218F034800BBD6BD /* weatherdata.json */ = {isa = PBXFileReference; lastKnownFileType = text.json; path = weatherdata.json; sourceTree = "<group>"; };
		19139F12218F036B00BBD6BD /* WeatherDataTests.swift */ = {isa = PBXFileReference; lastKnownFileType = sourcecode.swift; path = WeatherDataTests.swift; sourceTree = "<group>"; };
		19139F14218F046200BBD6BD /* weatherclouds.json */ = {isa = PBXFileReference; lastKnownFileType = text.json; path = weatherclouds.json; sourceTree = "<group>"; };
		19139F16218F048000BBD6BD /* WeatherCloudsTests.swift */ = {isa = PBXFileReference; lastKnownFileType = sourcecode.swift; path = WeatherCloudsTests.swift; sourceTree = "<group>"; };
		19139F18218F050000BBD6BD /* weatherprecipation.json */ = {isa = PBXFileReference; lastKnownFileType = text.json; path = weatherprecipation.json; sourceTree = "<group>"; };
		19139F1A218F053E00BBD6BD /* WeatherPrecipationTests.swift */ = {isa = PBXFileReference; lastKnownFileType = sourcecode.swift; path = WeatherPrecipationTests.swift; sourceTree = "<group>"; };
		19139F1C218F05C900BBD6BD /* weathersystem.json */ = {isa = PBXFileReference; lastKnownFileType = text.json; path = weathersystem.json; sourceTree = "<group>"; };
		19139F1E218F05E200BBD6BD /* WeatherSystemTests.swift */ = {isa = PBXFileReference; lastKnownFileType = sourcecode.swift; path = WeatherSystemTests.swift; sourceTree = "<group>"; };
		19139F20218F082100BBD6BD /* weatherforecastitem.json */ = {isa = PBXFileReference; lastKnownFileType = text.json; path = weatherforecastitem.json; sourceTree = "<group>"; };
		19139F22218F084700BBD6BD /* WeatherForecastItemTests.swift */ = {isa = PBXFileReference; lastKnownFileType = sourcecode.swift; path = WeatherForecastItemTests.swift; sourceTree = "<group>"; };
		19139F24218F09FB00BBD6BD /* weatherqueryitem.json */ = {isa = PBXFileReference; lastKnownFileType = text.json; path = weatherqueryitem.json; sourceTree = "<group>"; };
		19139F26218F0A1600BBD6BD /* WeatherQueryItemTests.swift */ = {isa = PBXFileReference; lastKnownFileType = sourcecode.swift; path = WeatherQueryItemTests.swift; sourceTree = "<group>"; };
		19139F28218F0C0200BBD6BD /* UnitsTests.swift */ = {isa = PBXFileReference; lastKnownFileType = sourcecode.swift; path = UnitsTests.swift; sourceTree = "<group>"; };
		19DE57E6218D946D003268F0 /* backbaseassignment.app */ = {isa = PBXFileReference; explicitFileType = wrapper.application; includeInIndex = 0; path = backbaseassignment.app; sourceTree = BUILT_PRODUCTS_DIR; };
		19DE57E9218D946D003268F0 /* AppDelegate.swift */ = {isa = PBXFileReference; lastKnownFileType = sourcecode.swift; path = AppDelegate.swift; sourceTree = "<group>"; };
		19DE57EE218D946D003268F0 /* Base */ = {isa = PBXFileReference; lastKnownFileType = file.storyboard; name = Base; path = Base.lproj/Main.storyboard; sourceTree = "<group>"; };
		19DE57F1218D946D003268F0 /* backbaseassignment.xcdatamodel */ = {isa = PBXFileReference; lastKnownFileType = wrapper.xcdatamodel; path = backbaseassignment.xcdatamodel; sourceTree = "<group>"; };
		19DE57F3218D9470003268F0 /* Assets.xcassets */ = {isa = PBXFileReference; lastKnownFileType = folder.assetcatalog; path = Assets.xcassets; sourceTree = "<group>"; };
		19DE57F6218D9470003268F0 /* Base */ = {isa = PBXFileReference; lastKnownFileType = file.storyboard; name = Base; path = Base.lproj/LaunchScreen.storyboard; sourceTree = "<group>"; };
		19DE57F8218D9470003268F0 /* Info.plist */ = {isa = PBXFileReference; lastKnownFileType = text.plist.xml; path = Info.plist; sourceTree = "<group>"; };
		19DE5803218D95E3003268F0 /* MainViewController.swift */ = {isa = PBXFileReference; lastKnownFileType = sourcecode.swift; path = MainViewController.swift; sourceTree = "<group>"; };
/* End PBXFileReference section */

/* Begin PBXFrameworksBuildPhase section */
		19139EF7218EFE6A00BBD6BD /* Frameworks */ = {
			isa = PBXFrameworksBuildPhase;
			buildActionMask = 2147483647;
			files = (
			);
			runOnlyForDeploymentPostprocessing = 0;
		};
		19DE57E3218D946D003268F0 /* Frameworks */ = {
			isa = PBXFrameworksBuildPhase;
			buildActionMask = 2147483647;
			files = (
			);
			runOnlyForDeploymentPostprocessing = 0;
		};
/* End PBXFrameworksBuildPhase section */

/* Begin PBXGroup section */
		19139EA8218D995600BBD6BD /* AddLocation */ = {
			isa = PBXGroup;
			children = (
				19139EA9218D998100BBD6BD /* AddLocationViewController.swift */,
			);
			name = AddLocation;
			sourceTree = "<group>";
		};
		19139EAB218D9F6200BBD6BD /* Network */ = {
			isa = PBXGroup;
			children = (
				19139EAC218D9F8800BBD6BD /* OpenWeatherMap.swift */,
				19139EAE218DA2A100BBD6BD /* HTTPStatusCode.swift */,
				19139EB0218DA3D800BBD6BD /* URLRequest.swift */,
			);
			name = Network;
			sourceTree = "<group>";
		};
		19139EB2218DA81800BBD6BD /* DataModel */ = {
			isa = PBXGroup;
			children = (
				19139EB9218DB25000BBD6BD /* WeatherOverView.swift */,
				19139EB3218DA83000BBD6BD /* WeatherQueryItem.swift */,
				19139EB7218DB22000BBD6BD /* WeatherData.swift */,
				19139EBB218DB50600BBD6BD /* WeatherClouds.swift */,
				19139EBF218DB6E900BBD6BD /* WeatherPrecipation.swift */,
				19139EC1218DB7BE00BBD6BD /* WeatherSystem.swift */,
				19139EE0218E4B2200BBD6BD /* WeatherForecastItem.swift */,
				19139EC3218DBA5800BBD6BD /* Units.swift */,
			);
			name = DataModel;
			sourceTree = "<group>";
		};
		19139EC7218DBCA700BBD6BD /* Classes */ = {
			isa = PBXGroup;
			children = (
				19139EC8218DBCCA00BBD6BD /* City+CoreDataClass.swift */,
				19139EC9218DBCCA00BBD6BD /* City+CoreDataProperties.swift */,
			);
			name = Classes;
			sourceTree = "<group>";
		};
		19139ECD218DBE3800BBD6BD /* Data Extensions */ = {
			isa = PBXGroup;
			children = (
				19139ECE218DBE4D00BBD6BD /* City+Persistence.swift */,
			);
			name = "Data Extensions";
			sourceTree = "<group>";
		};
		19139ED2218E035300BBD6BD /* City Detail */ = {
			isa = PBXGroup;
			children = (
				19139EE4218E51CB00BBD6BD /* Forecast */,
				19139ED3218E036C00BBD6BD /* CityDetailViewController.swift */,
				19139ED5218E19D000BBD6BD /* LocationOverviewCell.swift */,
				19139EDC218E436300BBD6BD /* LocationTemperatureAndWindCell.swift */,
				19139EDE218E47EA00BBD6BD /* LocationPrecipationCell.swift */,
				19139EE2218E4EF900BBD6BD /* LocationForecastHolderCell.swift */,
			);
			name = "City Detail";
			sourceTree = "<group>";
		};
		19139ED7218E3AF200BBD6BD /* Extensions */ = {
			isa = PBXGroup;
			children = (
				19139ED8218E3B0900BBD6BD /* ErrorDialog.swift */,
				19139EE9218ED3E100BBD6BD /* Fonts.swift */,
				19139EEE218EE80600BBD6BD /* Settings.swift */,
			);
			name = Extensions;
			sourceTree = "<group>";
		};
		19139EE4218E51CB00BBD6BD /* Forecast */ = {
			isa = PBXGroup;
			children = (
				19139EE5218E51F100BBD6BD /* LocationForecastViewController.swift */,
				19139EE7218E52A600BBD6BD /* LocationForecastCell.swift */,
			);
			name = Forecast;
			sourceTree = "<group>";
		};
		19139EEB218EE36900BBD6BD /* Settings */ = {
			isa = PBXGroup;
			children = (
				19139EEC218EE38000BBD6BD /* SettingsViewController.swift */,
			);
			name = Settings;
			sourceTree = "<group>";
		};
		19139EF0218EEDE900BBD6BD /* Help */ = {
			isa = PBXGroup;
			children = (
				19139EF1218EEE0600BBD6BD /* HelpViewController.swift */,
			);
			name = Help;
			sourceTree = "<group>";
		};
		19139EFB218EFE6A00BBD6BD /* backbaseassignmentTests */ = {
			isa = PBXGroup;
			children = (
				19139EFE218EFE6A00BBD6BD /* Info.plist */,
				19139F04218EFEA900BBD6BD /* WeatherOverViewTests.swift */,
				19139F06218EFF2400BBD6BD /* weatheroverview.json */,
				19139F12218F036B00BBD6BD /* WeatherDataTests.swift */,
				19139F10218F034800BBD6BD /* weatherdata.json */,
				19139F16218F048000BBD6BD /* WeatherCloudsTests.swift */,
				19139F14218F046200BBD6BD /* weatherclouds.json */,
				19139F1A218F053E00BBD6BD /* WeatherPrecipationTests.swift */,
				19139F18218F050000BBD6BD /* weatherprecipation.json */,
				19139F1E218F05E200BBD6BD /* WeatherSystemTests.swift */,
				19139F1C218F05C900BBD6BD /* weathersystem.json */,
				19139F22218F084700BBD6BD /* WeatherForecastItemTests.swift */,
				19139F20218F082100BBD6BD /* weatherforecastitem.json */,
				19139F26218F0A1600BBD6BD /* WeatherQueryItemTests.swift */,
				19139F24218F09FB00BBD6BD /* weatherqueryitem.json */,
				19139F28218F0C0200BBD6BD /* UnitsTests.swift */,
			);
			path = backbaseassignmentTests;
			sourceTree = "<group>";
		};
		19DE57DD218D946D003268F0 = {
			isa = PBXGroup;
			children = (
				19DE57E8218D946D003268F0 /* backbaseassignment */,
				19139EFB218EFE6A00BBD6BD /* backbaseassignmentTests */,
				19DE57E7218D946D003268F0 /* Products */,
			);
			sourceTree = "<group>";
		};
		19DE57E7218D946D003268F0 /* Products */ = {
			isa = PBXGroup;
			children = (
				19DE57E6218D946D003268F0 /* backbaseassignment.app */,
				19139EFA218EFE6A00BBD6BD /* backbaseassignmentTests.xctest */,
			);
			name = Products;
			sourceTree = "<group>";
		};
		19DE57E8218D946D003268F0 /* backbaseassignment */ = {
			isa = PBXGroup;
			children = (
				19139ED7218E3AF200BBD6BD /* Extensions */,
				19139EB2218DA81800BBD6BD /* DataModel */,
				19139EAB218D9F6200BBD6BD /* Network */,
				19DE5801218D9501003268F0 /* App */,
				19DE5800218D94F7003268F0 /* Assets */,
				19DE57FF218D94DE003268F0 /* Persistence */,
				19DE57FE218D94C0003268F0 /* UI */,
			);
			path = backbaseassignment;
			sourceTree = "<group>";
		};
		19DE57FE218D94C0003268F0 /* UI */ = {
			isa = PBXGroup;
			children = (
				19139EF0218EEDE900BBD6BD /* Help */,
				19139EEB218EE36900BBD6BD /* Settings */,
				19139ED2218E035300BBD6BD /* City Detail */,
				19DE5802218D95C6003268F0 /* Main */,
				19139EA8218D995600BBD6BD /* AddLocation */,
				19DE57ED218D946D003268F0 /* Main.storyboard */,
				19DE57F5218D9470003268F0 /* LaunchScreen.storyboard */,
			);
			name = UI;
			sourceTree = "<group>";
		};
		19DE57FF218D94DE003268F0 /* Persistence */ = {
			isa = PBXGroup;
			children = (
				19139ECD218DBE3800BBD6BD /* Data Extensions */,
				19139EC7218DBCA700BBD6BD /* Classes */,
				19DE57F0218D946D003268F0 /* backbaseassignment.xcdatamodeld */,
				19139EC5218DBB4900BBD6BD /* Persistence.swift */,
			);
			path = Persistence;
			sourceTree = "<group>";
		};
		19DE5800218D94F7003268F0 /* Assets */ = {
			isa = PBXGroup;
			children = (
				19DE57F3218D9470003268F0 /* Assets.xcassets */,
				19139EF3218EEEE400BBD6BD /* help.html */,
			);
			name = Assets;
			sourceTree = "<group>";
		};
		19DE5801218D9501003268F0 /* App */ = {
			isa = PBXGroup;
			children = (
				19DE57E9218D946D003268F0 /* AppDelegate.swift */,
				19DE57F8218D9470003268F0 /* Info.plist */,
			);
			name = App;
			sourceTree = "<group>";
		};
		19DE5802218D95C6003268F0 /* Main */ = {
			isa = PBXGroup;
			children = (
				19DE5803218D95E3003268F0 /* MainViewController.swift */,
				19139ED0218DC55900BBD6BD /* CityCell.swift */,
			);
			name = Main;
			sourceTree = "<group>";
		};
/* End PBXGroup section */

/* Begin PBXNativeTarget section */
		19139EF9218EFE6A00BBD6BD /* backbaseassignmentTests */ = {
			isa = PBXNativeTarget;
			buildConfigurationList = 19139F01218EFE6A00BBD6BD /* Build configuration list for PBXNativeTarget "backbaseassignmentTests" */;
			buildPhases = (
				19139EF6218EFE6A00BBD6BD /* Sources */,
				19139EF7218EFE6A00BBD6BD /* Frameworks */,
				19139EF8218EFE6A00BBD6BD /* Resources */,
			);
			buildRules = (
			);
			dependencies = (
				19139F00218EFE6A00BBD6BD /* PBXTargetDependency */,
			);
			name = backbaseassignmentTests;
			productName = backbaseassignmentTests;
			productReference = 19139EFA218EFE6A00BBD6BD /* backbaseassignmentTests.xctest */;
			productType = "com.apple.product-type.bundle.unit-test";
		};
		19DE57E5218D946D003268F0 /* backbaseassignment */ = {
			isa = PBXNativeTarget;
			buildConfigurationList = 19DE57FB218D9470003268F0 /* Build configuration list for PBXNativeTarget "backbaseassignment" */;
			buildPhases = (
				19DE57E2218D946D003268F0 /* Sources */,
				19DE57E3218D946D003268F0 /* Frameworks */,
				19DE57E4218D946D003268F0 /* Resources */,
			);
			buildRules = (
			);
			dependencies = (
			);
			name = backbaseassignment;
			productName = backbaseassignment;
			productReference = 19DE57E6218D946D003268F0 /* backbaseassignment.app */;
			productType = "com.apple.product-type.application";
		};
/* End PBXNativeTarget section */

/* Begin PBXProject section */
		19DE57DE218D946D003268F0 /* Project object */ = {
			isa = PBXProject;
			attributes = {
				LastSwiftUpdateCheck = 1010;
				LastUpgradeCheck = 1010;
				ORGANIZATIONNAME = "Adam Lovastyik";
				TargetAttributes = {
					19139EF9218EFE6A00BBD6BD = {
						CreatedOnToolsVersion = 10.1;
						TestTargetID = 19DE57E5218D946D003268F0;
					};
					19DE57E5218D946D003268F0 = {
						CreatedOnToolsVersion = 10.1;
					};
				};
			};
			buildConfigurationList = 19DE57E1218D946D003268F0 /* Build configuration list for PBXProject "backbaseassignment" */;
			compatibilityVersion = "Xcode 9.3";
			developmentRegion = en;
			hasScannedForEncodings = 0;
			knownRegions = (
				en,
				Base,
			);
			mainGroup = 19DE57DD218D946D003268F0;
			productRefGroup = 19DE57E7218D946D003268F0 /* Products */;
			projectDirPath = "";
			projectRoot = "";
			targets = (
				19DE57E5218D946D003268F0 /* backbaseassignment */,
				19139EF9218EFE6A00BBD6BD /* backbaseassignmentTests */,
			);
		};
/* End PBXProject section */

/* Begin PBXResourcesBuildPhase section */
		19139EF8218EFE6A00BBD6BD /* Resources */ = {
			isa = PBXResourcesBuildPhase;
			buildActionMask = 2147483647;
			files = (
				19139F21218F082100BBD6BD /* weatherforecastitem.json in Resources */,
				19139F15218F046200BBD6BD /* weatherclouds.json in Resources */,
				19139F19218F050000BBD6BD /* weatherprecipation.json in Resources */,
				19139F25218F09FB00BBD6BD /* weatherqueryitem.json in Resources */,
				19139F1D218F05C900BBD6BD /* weathersystem.json in Resources */,
				19139F11218F034800BBD6BD /* weatherdata.json in Resources */,
				19139F07218EFF2400BBD6BD /* weatheroverview.json in Resources */,
			);
			runOnlyForDeploymentPostprocessing = 0;
		};
		19DE57E4218D946D003268F0 /* Resources */ = {
			isa = PBXResourcesBuildPhase;
			buildActionMask = 2147483647;
			files = (
				19DE57F7218D9470003268F0 /* LaunchScreen.storyboard in Resources */,
				19139EF4218EEEE400BBD6BD /* help.html in Resources */,
				19DE57F4218D9470003268F0 /* Assets.xcassets in Resources */,
				19DE57EF218D946D003268F0 /* Main.storyboard in Resources */,
			);
			runOnlyForDeploymentPostprocessing = 0;
		};
/* End PBXResourcesBuildPhase section */

/* Begin PBXSourcesBuildPhase section */
		19139EF6218EFE6A00BBD6BD /* Sources */ = {
			isa = PBXSourcesBuildPhase;
			buildActionMask = 2147483647;
			files = (
				19139F1F218F05E200BBD6BD /* WeatherSystemTests.swift in Sources */,
				19139F29218F0C0200BBD6BD /* UnitsTests.swift in Sources */,
				19139F0B218F016200BBD6BD /* WeatherClouds.swift in Sources */,
				19139F1B218F053E00BBD6BD /* WeatherPrecipationTests.swift in Sources */,
				19139F27218F0A1600BBD6BD /* WeatherQueryItemTests.swift in Sources */,
				19139F0C218F016200BBD6BD /* WeatherPrecipation.swift in Sources */,
				19139F23218F084700BBD6BD /* WeatherForecastItemTests.swift in Sources */,
				19139F17218F048000BBD6BD /* WeatherCloudsTests.swift in Sources */,
				19139F0E218F016200BBD6BD /* WeatherForecastItem.swift in Sources */,
				19139F05218EFEA900BBD6BD /* WeatherOverViewTests.swift in Sources */,
				19139F08218F016200BBD6BD /* WeatherOverView.swift in Sources */,
				19139F0A218F016200BBD6BD /* WeatherData.swift in Sources */,
				19139F13218F036B00BBD6BD /* WeatherDataTests.swift in Sources */,
				19139F09218F016200BBD6BD /* WeatherQueryItem.swift in Sources */,
				19139F0F218F01F200BBD6BD /* Units.swift in Sources */,
				19139F0D218F016200BBD6BD /* WeatherSystem.swift in Sources */,
			);
			runOnlyForDeploymentPostprocessing = 0;
		};
		19DE57E2218D946D003268F0 /* Sources */ = {
			isa = PBXSourcesBuildPhase;
			buildActionMask = 2147483647;
			files = (
				19139ED1218DC55900BBD6BD /* CityCell.swift in Sources */,
				19139ECA218DBCCA00BBD6BD /* City+CoreDataClass.swift in Sources */,
				19139EB4218DA83000BBD6BD /* WeatherQueryItem.swift in Sources */,
				19139EAF218DA2A100BBD6BD /* HTTPStatusCode.swift in Sources */,
				19139ED9218E3B0900BBD6BD /* ErrorDialog.swift in Sources */,
				19139ED4218E036C00BBD6BD /* CityDetailViewController.swift in Sources */,
				19139EC0218DB6E900BBD6BD /* WeatherPrecipation.swift in Sources */,
				19139EC4218DBA5800BBD6BD /* Units.swift in Sources */,
				19139EE3218E4EF900BBD6BD /* LocationForecastHolderCell.swift in Sources */,
				19139EEA218ED3E100BBD6BD /* Fonts.swift in Sources */,
				19139EB1218DA3D800BBD6BD /* URLRequest.swift in Sources */,
				19139ECF218DBE4D00BBD6BD /* City+Persistence.swift in Sources */,
				19139EC2218DB7BE00BBD6BD /* WeatherSystem.swift in Sources */,
				19139EDD218E436400BBD6BD /* LocationTemperatureAndWindCell.swift in Sources */,
				19139EAD218D9F8800BBD6BD /* OpenWeatherMap.swift in Sources */,
				19139EBA218DB25000BBD6BD /* WeatherOverView.swift in Sources */,
				19139ECB218DBCCA00BBD6BD /* City+CoreDataProperties.swift in Sources */,
				19DE5804218D95E3003268F0 /* MainViewController.swift in Sources */,
				19139EC6218DBB4900BBD6BD /* Persistence.swift in Sources */,
				19139EB8218DB22000BBD6BD /* WeatherData.swift in Sources */,
				19DE57F2218D946D003268F0 /* backbaseassignment.xcdatamodeld in Sources */,
				19139EEF218EE80600BBD6BD /* Settings.swift in Sources */,
				19DE57EA218D946D003268F0 /* AppDelegate.swift in Sources */,
				19139EBC218DB50600BBD6BD /* WeatherClouds.swift in Sources */,
				19139EED218EE38000BBD6BD /* SettingsViewController.swift in Sources */,
				19139ED6218E19D000BBD6BD /* LocationOverviewCell.swift in Sources */,
				19139EE1218E4B2200BBD6BD /* WeatherForecastItem.swift in Sources */,
				19139EF2218EEE0600BBD6BD /* HelpViewController.swift in Sources */,
				19139EAA218D998100BBD6BD /* AddLocationViewController.swift in Sources */,
				19139EE8218E52A600BBD6BD /* LocationForecastCell.swift in Sources */,
				19139EDF218E47EA00BBD6BD /* LocationPrecipationCell.swift in Sources */,
				19139EE6218E51F100BBD6BD /* LocationForecastViewController.swift in Sources */,
			);
			runOnlyForDeploymentPostprocessing = 0;
		};
/* End PBXSourcesBuildPhase section */

/* Begin PBXTargetDependency section */
		19139F00218EFE6A00BBD6BD /* PBXTargetDependency */ = {
			isa = PBXTargetDependency;
			target = 19DE57E5218D946D003268F0 /* backbaseassignment */;
			targetProxy = 19139EFF218EFE6A00BBD6BD /* PBXContainerItemProxy */;
		};
/* End PBXTargetDependency section */

/* Begin PBXVariantGroup section */
		19DE57ED218D946D003268F0 /* Main.storyboard */ = {
			isa = PBXVariantGroup;
			children = (
				19DE57EE218D946D003268F0 /* Base */,
			);
			name = Main.storyboard;
			sourceTree = "<group>";
		};
		19DE57F5218D9470003268F0 /* LaunchScreen.storyboard */ = {
			isa = PBXVariantGroup;
			children = (
				19DE57F6218D9470003268F0 /* Base */,
			);
			name = LaunchScreen.storyboard;
			sourceTree = "<group>";
		};
/* End PBXVariantGroup section */

/* Begin XCBuildConfiguration section */
		19139F02218EFE6A00BBD6BD /* Debug */ = {
			isa = XCBuildConfiguration;
			buildSettings = {
				BUNDLE_LOADER = "$(TEST_HOST)";
				CODE_SIGN_STYLE = Automatic;
				DEVELOPMENT_TEAM = X37H2S679C;
				INFOPLIST_FILE = backbaseassignmentTests/Info.plist;
				LD_RUNPATH_SEARCH_PATHS = (
					"$(inherited)",
					"@executable_path/Frameworks",
					"@loader_path/Frameworks",
				);
				PRODUCT_BUNDLE_IDENTIFIER = hu.lovastyik.backbaseassignmentTests;
				PRODUCT_NAME = "$(TARGET_NAME)";
				SWIFT_VERSION = 4.2;
				TARGETED_DEVICE_FAMILY = "1,2";
				TEST_HOST = "$(BUILT_PRODUCTS_DIR)/backbaseassignment.app/backbaseassignment";
			};
			name = Debug;
		};
		19139F03218EFE6A00BBD6BD /* Release */ = {
			isa = XCBuildConfiguration;
			buildSettings = {
				BUNDLE_LOADER = "$(TEST_HOST)";
				CODE_SIGN_STYLE = Automatic;
				DEVELOPMENT_TEAM = X37H2S679C;
				INFOPLIST_FILE = backbaseassignmentTests/Info.plist;
				LD_RUNPATH_SEARCH_PATHS = (
					"$(inherited)",
					"@executable_path/Frameworks",
					"@loader_path/Frameworks",
				);
				PRODUCT_BUNDLE_IDENTIFIER = hu.lovastyik.backbaseassignmentTests;
				PRODUCT_NAME = "$(TARGET_NAME)";
				SWIFT_VERSION = 4.2;
				TARGETED_DEVICE_FAMILY = "1,2";
				TEST_HOST = "$(BUILT_PRODUCTS_DIR)/backbaseassignment.app/backbaseassignment";
			};
			name = Release;
		};
		19DE57F9218D9470003268F0 /* Debug */ = {
			isa = XCBuildConfiguration;
			buildSettings = {
				ALWAYS_SEARCH_USER_PATHS = NO;
				CLANG_ANALYZER_NONNULL = YES;
				CLANG_ANALYZER_NUMBER_OBJECT_CONVERSION = YES_AGGRESSIVE;
				CLANG_CXX_LANGUAGE_STANDARD = "gnu++14";
				CLANG_CXX_LIBRARY = "libc++";
				CLANG_ENABLE_MODULES = YES;
				CLANG_ENABLE_OBJC_ARC = YES;
				CLANG_ENABLE_OBJC_WEAK = YES;
				CLANG_WARN_BLOCK_CAPTURE_AUTORELEASING = YES;
				CLANG_WARN_BOOL_CONVERSION = YES;
				CLANG_WARN_COMMA = YES;
				CLANG_WARN_CONSTANT_CONVERSION = YES;
				CLANG_WARN_DEPRECATED_OBJC_IMPLEMENTATIONS = YES;
				CLANG_WARN_DIRECT_OBJC_ISA_USAGE = YES_ERROR;
				CLANG_WARN_DOCUMENTATION_COMMENTS = YES;
				CLANG_WARN_EMPTY_BODY = YES;
				CLANG_WARN_ENUM_CONVERSION = YES;
				CLANG_WARN_INFINITE_RECURSION = YES;
				CLANG_WARN_INT_CONVERSION = YES;
				CLANG_WARN_NON_LITERAL_NULL_CONVERSION = YES;
				CLANG_WARN_OBJC_IMPLICIT_RETAIN_SELF = YES;
				CLANG_WARN_OBJC_LITERAL_CONVERSION = YES;
				CLANG_WARN_OBJC_ROOT_CLASS = YES_ERROR;
				CLANG_WARN_RANGE_LOOP_ANALYSIS = YES;
				CLANG_WARN_STRICT_PROTOTYPES = YES;
				CLANG_WARN_SUSPICIOUS_MOVE = YES;
				CLANG_WARN_UNGUARDED_AVAILABILITY = YES_AGGRESSIVE;
				CLANG_WARN_UNREACHABLE_CODE = YES;
				CLANG_WARN__DUPLICATE_METHOD_MATCH = YES;
				CODE_SIGN_IDENTITY = "iPhone Developer";
				COPY_PHASE_STRIP = NO;
				DEBUG_INFORMATION_FORMAT = dwarf;
				ENABLE_STRICT_OBJC_MSGSEND = YES;
				ENABLE_TESTABILITY = YES;
				GCC_C_LANGUAGE_STANDARD = gnu11;
				GCC_DYNAMIC_NO_PIC = NO;
				GCC_NO_COMMON_BLOCKS = YES;
				GCC_OPTIMIZATION_LEVEL = 0;
				GCC_PREPROCESSOR_DEFINITIONS = (
					"DEBUG=1",
					"$(inherited)",
				);
				GCC_WARN_64_TO_32_BIT_CONVERSION = YES;
				GCC_WARN_ABOUT_RETURN_TYPE = YES_ERROR;
				GCC_WARN_UNDECLARED_SELECTOR = YES;
				GCC_WARN_UNINITIALIZED_AUTOS = YES_AGGRESSIVE;
				GCC_WARN_UNUSED_FUNCTION = YES;
				GCC_WARN_UNUSED_VARIABLE = YES;
				IPHONEOS_DEPLOYMENT_TARGET = 12.1;
				MTL_ENABLE_DEBUG_INFO = INCLUDE_SOURCE;
				MTL_FAST_MATH = YES;
				ONLY_ACTIVE_ARCH = YES;
				SDKROOT = iphoneos;
				SWIFT_ACTIVE_COMPILATION_CONDITIONS = DEBUG;
				SWIFT_OPTIMIZATION_LEVEL = "-Onone";
			};
			name = Debug;
		};
		19DE57FA218D9470003268F0 /* Release */ = {
			isa = XCBuildConfiguration;
			buildSettings = {
				ALWAYS_SEARCH_USER_PATHS = NO;
				CLANG_ANALYZER_NONNULL = YES;
				CLANG_ANALYZER_NUMBER_OBJECT_CONVERSION = YES_AGGRESSIVE;
				CLANG_CXX_LANGUAGE_STANDARD = "gnu++14";
				CLANG_CXX_LIBRARY = "libc++";
				CLANG_ENABLE_MODULES = YES;
				CLANG_ENABLE_OBJC_ARC = YES;
				CLANG_ENABLE_OBJC_WEAK = YES;
				CLANG_WARN_BLOCK_CAPTURE_AUTORELEASING = YES;
				CLANG_WARN_BOOL_CONVERSION = YES;
				CLANG_WARN_COMMA = YES;
				CLANG_WARN_CONSTANT_CONVERSION = YES;
				CLANG_WARN_DEPRECATED_OBJC_IMPLEMENTATIONS = YES;
				CLANG_WARN_DIRECT_OBJC_ISA_USAGE = YES_ERROR;
				CLANG_WARN_DOCUMENTATION_COMMENTS = YES;
				CLANG_WARN_EMPTY_BODY = YES;
				CLANG_WARN_ENUM_CONVERSION = YES;
				CLANG_WARN_INFINITE_RECURSION = YES;
				CLANG_WARN_INT_CONVERSION = YES;
				CLANG_WARN_NON_LITERAL_NULL_CONVERSION = YES;
				CLANG_WARN_OBJC_IMPLICIT_RETAIN_SELF = YES;
				CLANG_WARN_OBJC_LITERAL_CONVERSION = YES;
				CLANG_WARN_OBJC_ROOT_CLASS = YES_ERROR;
				CLANG_WARN_RANGE_LOOP_ANALYSIS = YES;
				CLANG_WARN_STRICT_PROTOTYPES = YES;
				CLANG_WARN_SUSPICIOUS_MOVE = YES;
				CLANG_WARN_UNGUARDED_AVAILABILITY = YES_AGGRESSIVE;
				CLANG_WARN_UNREACHABLE_CODE = YES;
				CLANG_WARN__DUPLICATE_METHOD_MATCH = YES;
				CODE_SIGN_IDENTITY = "iPhone Developer";
				COPY_PHASE_STRIP = NO;
				DEBUG_INFORMATION_FORMAT = "dwarf-with-dsym";
				ENABLE_NS_ASSERTIONS = NO;
				ENABLE_STRICT_OBJC_MSGSEND = YES;
				GCC_C_LANGUAGE_STANDARD = gnu11;
				GCC_NO_COMMON_BLOCKS = YES;
				GCC_WARN_64_TO_32_BIT_CONVERSION = YES;
				GCC_WARN_ABOUT_RETURN_TYPE = YES_ERROR;
				GCC_WARN_UNDECLARED_SELECTOR = YES;
				GCC_WARN_UNINITIALIZED_AUTOS = YES_AGGRESSIVE;
				GCC_WARN_UNUSED_FUNCTION = YES;
				GCC_WARN_UNUSED_VARIABLE = YES;
				IPHONEOS_DEPLOYMENT_TARGET = 12.1;
				MTL_ENABLE_DEBUG_INFO = NO;
				MTL_FAST_MATH = YES;
				SDKROOT = iphoneos;
				SWIFT_COMPILATION_MODE = wholemodule;
				SWIFT_OPTIMIZATION_LEVEL = "-O";
				VALIDATE_PRODUCT = YES;
			};
			name = Release;
		};
		19DE57FC218D9470003268F0 /* Debug */ = {
			isa = XCBuildConfiguration;
			buildSettings = {
				ASSETCATALOG_COMPILER_APPICON_NAME = AppIcon;
				CODE_SIGN_STYLE = Automatic;
				DEVELOPMENT_TEAM = X37H2S679C;
				INFOPLIST_FILE = backbaseassignment/Info.plist;
				IPHONEOS_DEPLOYMENT_TARGET = 8.0;
				LD_RUNPATH_SEARCH_PATHS = (
					"$(inherited)",
					"@executable_path/Frameworks",
				);
				PRODUCT_BUNDLE_IDENTIFIER = hu.lovastyik.backbaseassignment;
				PRODUCT_NAME = "$(TARGET_NAME)";
				SWIFT_VERSION = 4.2;
				TARGETED_DEVICE_FAMILY = "1,2";
			};
			name = Debug;
		};
		19DE57FD218D9470003268F0 /* Release */ = {
			isa = XCBuildConfiguration;
			buildSettings = {
				ASSETCATALOG_COMPILER_APPICON_NAME = AppIcon;
				CODE_SIGN_STYLE = Automatic;
				DEVELOPMENT_TEAM = X37H2S679C;
				INFOPLIST_FILE = backbaseassignment/Info.plist;
				IPHONEOS_DEPLOYMENT_TARGET = 8.0;
				LD_RUNPATH_SEARCH_PATHS = (
					"$(inherited)",
					"@executable_path/Frameworks",
				);
				PRODUCT_BUNDLE_IDENTIFIER = hu.lovastyik.backbaseassignment;
				PRODUCT_NAME = "$(TARGET_NAME)";
				SWIFT_VERSION = 4.2;
				TARGETED_DEVICE_FAMILY = "1,2";
			};
			name = Release;
		};
/* End XCBuildConfiguration section */

/* Begin XCConfigurationList section */
		19139F01218EFE6A00BBD6BD /* Build configuration list for PBXNativeTarget "backbaseassignmentTests" */ = {
			isa = XCConfigurationList;
			buildConfigurations = (
				19139F02218EFE6A00BBD6BD /* Debug */,
				19139F03218EFE6A00BBD6BD /* Release */,
			);
			defaultConfigurationIsVisible = 0;
			defaultConfigurationName = Release;
		};
		19DE57E1218D946D003268F0 /* Build configuration list for PBXProject "backbaseassignment" */ = {
			isa = XCConfigurationList;
			buildConfigurations = (
				19DE57F9218D9470003268F0 /* Debug */,
				19DE57FA218D9470003268F0 /* Release */,
			);
			defaultConfigurationIsVisible = 0;
			defaultConfigurationName = Release;
		};
		19DE57FB218D9470003268F0 /* Build configuration list for PBXNativeTarget "backbaseassignment" */ = {
			isa = XCConfigurationList;
			buildConfigurations = (
				19DE57FC218D9470003268F0 /* Debug */,
				19DE57FD218D9470003268F0 /* Release */,
			);
			defaultConfigurationIsVisible = 0;
			defaultConfigurationName = Release;
		};
/* End XCConfigurationList section */

/* Begin XCVersionGroup section */
		19DE57F0218D946D003268F0 /* backbaseassignment.xcdatamodeld */ = {
			isa = XCVersionGroup;
			children = (
				19DE57F1218D946D003268F0 /* backbaseassignment.xcdatamodel */,
			);
			currentVersion = 19DE57F1218D946D003268F0 /* backbaseassignment.xcdatamodel */;
			path = backbaseassignment.xcdatamodeld;
			sourceTree = "<group>";
			versionGroupType = wrapper.xcdatamodel;
		};
/* End XCVersionGroup section */
	};
	rootObject = 19DE57DE218D946D003268F0 /* Project object */;
}
