// !$*UTF8*$!
{
	archiveVersion = 1;
	classes = {
	};
	objectVersion = 50;
	objects = {

/* Begin PBXBuildFile section */
		19DE57EA218D946D003268F0 /* AppDelegate.swift in Sources */ = {isa = PBXBuildFile; fileRef = 19DE57E9218D946D003268F0 /* AppDelegate.swift */; };
		19DE57EC218D946D003268F0 /* ViewController.swift in Sources */ = {isa = PBXBuildFile; fileRef = 19DE57EB218D946D003268F0 /* ViewController.swift */; };
		19DE57EF218D946D003268F0 /* Main.storyboard in Resources */ = {isa = PBXBuildFile; fileRef = 19DE57ED218D946D003268F0 /* Main.storyboard */; };
		19DE57F2218D946D003268F0 /* backbaseassignment.xcdatamodeld in Sources */ = {isa = PBXBuildFile; fileRef = 19DE57F0218D946D003268F0 /* backbaseassignment.xcdatamodeld */; };
		19DE57F4218D9470003268F0 /* Assets.xcassets in Resources */ = {isa = PBXBuildFile; fileRef = 19DE57F3218D9470003268F0 /* Assets.xcassets */; };
		19DE57F7218D9470003268F0 /* LaunchScreen.storyboard in Resources */ = {isa = PBXBuildFile; fileRef = 19DE57F5218D9470003268F0 /* LaunchScreen.storyboard */; };
/* End PBXBuildFile section */

/* Begin PBXFileReference section */
		19DE57E6218D946D003268F0 /* backbaseassignment.app */ = {isa = PBXFileReference; explicitFileType = wrapper.application; includeInIndex = 0; path = backbaseassignment.app; sourceTree = BUILT_PRODUCTS_DIR; };
		19DE57E9218D946D003268F0 /* AppDelegate.swift */ = {isa = PBXFileReference; lastKnownFileType = sourcecode.swift; path = AppDelegate.swift; sourceTree = "<group>"; };
		19DE57EB218D946D003268F0 /* ViewController.swift */ = {isa = PBXFileReference; lastKnownFileType = sourcecode.swift; path = ViewController.swift; sourceTree = "<group>"; };
		19DE57EE218D946D003268F0 /* Base */ = {isa = PBXFileReference; lastKnownFileType = file.storyboard; name = Base; path = Base.lproj/Main.storyboard; sourceTree = "<group>"; };
		19DE57F1218D946D003268F0 /* backbaseassignment.xcdatamodel */ = {isa = PBXFileReference; lastKnownFileType = wrapper.xcdatamodel; path = backbaseassignment.xcdatamodel; sourceTree = "<group>"; };
		19DE57F3218D9470003268F0 /* Assets.xcassets */ = {isa = PBXFileReference; lastKnownFileType = folder.assetcatalog; path = Assets.xcassets; sourceTree = "<group>"; };
		19DE57F6218D9470003268F0 /* Base */ = {isa = PBXFileReference; lastKnownFileType = file.storyboard; name = Base; path = Base.lproj/LaunchScreen.storyboard; sourceTree = "<group>"; };
		19DE57F8218D9470003268F0 /* Info.plist */ = {isa = PBXFileReference; lastKnownFileType = text.plist.xml; path = Info.plist; sourceTree = "<group>"; };
/* End PBXFileReference section */

/* Begin PBXFrameworksBuildPhase section */
		19DE57E3218D946D003268F0 /* Frameworks */ = {
			isa = PBXFrameworksBuildPhase;
			buildActionMask = 2147483647;
			files = (
			);
			runOnlyForDeploymentPostprocessing = 0;
		};
/* End PBXFrameworksBuildPhase section */

/* Begin PBXGroup section */
		19DE57DD218D946D003268F0 = {
			isa = PBXGroup;
			children = (
				19DE57E8218D946D003268F0 /* backbaseassignment */,
				19DE57E7218D946D003268F0 /* Products */,
			);
			sourceTree = "<group>";
		};
		19DE57E7218D946D003268F0 /* Products */ = {
			isa = PBXGroup;
			children = (
				19DE57E6218D946D003268F0 /* backbaseassignment.app */,
			);
			name = Products;
			sourceTree = "<group>";
		};
		19DE57E8218D946D003268F0 /* backbaseassignment */ = {
			isa = PBXGroup;
			children = (
				19DE57E9218D946D003268F0 /* AppDelegate.swift */,
				19DE57EB218D946D003268F0 /* ViewController.swift */,
				19DE57ED218D946D003268F0 /* Main.storyboard */,
				19DE57F3218D9470003268F0 /* Assets.xcassets */,
				19DE57F5218D9470003268F0 /* LaunchScreen.storyboard */,
				19DE57F8218D9470003268F0 /* Info.plist */,
				19DE57F0218D946D003268F0 /* backbaseassignment.xcdatamodeld */,
			);
			path = backbaseassignment;
			sourceTree = "<group>";
		};
/* End PBXGroup section */

/* Begin PBXNativeTarget section */
		19DE57E5218D946D003268F0 /* backbaseassignment */ = {
			isa = PBXNativeTarget;
			buildConfigurationList = 19DE57FB218D9470003268F0 /* Build configuration list for PBXNativeTarget "backbaseassignment" */;
			buildPhases = (
				19DE57E2218D946D003268F0 /* Sources */,
				19DE57E3218D946D003268F0 /* Frameworks */,
				19DE57E4218D946D003268F0 /* Resources */,
			);
			buildRules = (
			);
			dependencies = (
			);
			name = backbaseassignment;
			productName = backbaseassignment;
			productReference = 19DE57E6218D946D003268F0 /* backbaseassignment.app */;
			productType = "com.apple.product-type.application";
		};
/* End PBXNativeTarget section */

/* Begin PBXProject section */
		19DE57DE218D946D003268F0 /* Project object */ = {
			isa = PBXProject;
			attributes = {
				LastSwiftUpdateCheck = 1010;
				LastUpgradeCheck = 1010;
				ORGANIZATIONNAME = "Adam Lovastyik";
				TargetAttributes = {
					19DE57E5218D946D003268F0 = {
						CreatedOnToolsVersion = 10.1;
					};
				};
			};
			buildConfigurationList = 19DE57E1218D946D003268F0 /* Build configuration list for PBXProject "backbaseassignment" */;
			compatibilityVersion = "Xcode 9.3";
			developmentRegion = en;
			hasScannedForEncodings = 0;
			knownRegions = (
				en,
				Base,
			);
			mainGroup = 19DE57DD218D946D003268F0;
			productRefGroup = 19DE57E7218D946D003268F0 /* Products */;
			projectDirPath = "";
			projectRoot = "";
			targets = (
				19DE57E5218D946D003268F0 /* backbaseassignment */,
			);
		};
/* End PBXProject section */

/* Begin PBXResourcesBuildPhase section */
		19DE57E4218D946D003268F0 /* Resources */ = {
			isa = PBXResourcesBuildPhase;
			buildActionMask = 2147483647;
			files = (
				19DE57F7218D9470003268F0 /* LaunchScreen.storyboard in Resources */,
				19DE57F4218D9470003268F0 /* Assets.xcassets in Resources */,
				19DE57EF218D946D003268F0 /* Main.storyboard in Resources */,
			);
			runOnlyForDeploymentPostprocessing = 0;
		};
/* End PBXResourcesBuildPhase section */

/* Begin PBXSourcesBuildPhase section */
		19DE57E2218D946D003268F0 /* Sources */ = {
			isa = PBXSourcesBuildPhase;
			buildActionMask = 2147483647;
			files = (
				19DE57F2218D946D003268F0 /* backbaseassignment.xcdatamodeld in Sources */,
				19DE57EC218D946D003268F0 /* ViewController.swift in Sources */,
				19DE57EA218D946D003268F0 /* AppDelegate.swift in Sources */,
			);
			runOnlyForDeploymentPostprocessing = 0;
		};
/* End PBXSourcesBuildPhase section */

/* Begin PBXVariantGroup section */
		19DE57ED218D946D003268F0 /* Main.storyboard */ = {
			isa = PBXVariantGroup;
			children = (
				19DE57EE218D946D003268F0 /* Base */,
			);
			name = Main.storyboard;
			sourceTree = "<group>";
		};
		19DE57F5218D9470003268F0 /* LaunchScreen.storyboard */ = {
			isa = PBXVariantGroup;
			children = (
				19DE57F6218D9470003268F0 /* Base */,
			);
			name = LaunchScreen.storyboard;
			sourceTree = "<group>";
		};
/* End PBXVariantGroup section */

/* Begin XCBuildConfiguration section */
		19DE57F9218D9470003268F0 /* Debug */ = {
			isa = XCBuildConfiguration;
			buildSettings = {
				ALWAYS_SEARCH_USER_PATHS = NO;
				CLANG_ANALYZER_NONNULL = YES;
				CLANG_ANALYZER_NUMBER_OBJECT_CONVERSION = YES_AGGRESSIVE;
				CLANG_CXX_LANGUAGE_STANDARD = "gnu++14";
				CLANG_CXX_LIBRARY = "libc++";
				CLANG_ENABLE_MODULES = YES;
				CLANG_ENABLE_OBJC_ARC = YES;
				CLANG_ENABLE_OBJC_WEAK = YES;
				CLANG_WARN_BLOCK_CAPTURE_AUTORELEASING = YES;
				CLANG_WARN_BOOL_CONVERSION = YES;
				CLANG_WARN_COMMA = YES;
				CLANG_WARN_CONSTANT_CONVERSION = YES;
				CLANG_WARN_DEPRECATED_OBJC_IMPLEMENTATIONS = YES;
				CLANG_WARN_DIRECT_OBJC_ISA_USAGE = YES_ERROR;
				CLANG_WARN_DOCUMENTATION_COMMENTS = YES;
				CLANG_WARN_EMPTY_BODY = YES;
				CLANG_WARN_ENUM_CONVERSION = YES;
				CLANG_WARN_INFINITE_RECURSION = YES;
				CLANG_WARN_INT_CONVERSION = YES;
				CLANG_WARN_NON_LITERAL_NULL_CONVERSION = YES;
				CLANG_WARN_OBJC_IMPLICIT_RETAIN_SELF = YES;
				CLANG_WARN_OBJC_LITERAL_CONVERSION = YES;
				CLANG_WARN_OBJC_ROOT_CLASS = YES_ERROR;
				CLANG_WARN_RANGE_LOOP_ANALYSIS = YES;
				CLANG_WARN_STRICT_PROTOTYPES = YES;
				CLANG_WARN_SUSPICIOUS_MOVE = YES;
				CLANG_WARN_UNGUARDED_AVAILABILITY = YES_AGGRESSIVE;
				CLANG_WARN_UNREACHABLE_CODE = YES;
				CLANG_WARN__DUPLICATE_METHOD_MATCH = YES;
				CODE_SIGN_IDENTITY = "iPhone Developer";
				COPY_PHASE_STRIP = NO;
				DEBUG_INFORMATION_FORMAT = dwarf;
				ENABLE_STRICT_OBJC_MSGSEND = YES;
				ENABLE_TESTABILITY = YES;
				GCC_C_LANGUAGE_STANDARD = gnu11;
				GCC_DYNAMIC_NO_PIC = NO;
				GCC_NO_COMMON_BLOCKS = YES;
				GCC_OPTIMIZATION_LEVEL = 0;
				GCC_PREPROCESSOR_DEFINITIONS = (
					"DEBUG=1",
					"$(inherited)",
				);
				GCC_WARN_64_TO_32_BIT_CONVERSION = YES;
				GCC_WARN_ABOUT_RETURN_TYPE = YES_ERROR;
				GCC_WARN_UNDECLARED_SELECTOR = YES;
				GCC_WARN_UNINITIALIZED_AUTOS = YES_AGGRESSIVE;
				GCC_WARN_UNUSED_FUNCTION = YES;
				GCC_WARN_UNUSED_VARIABLE = YES;
				IPHONEOS_DEPLOYMENT_TARGET = 12.1;
				MTL_ENABLE_DEBUG_INFO = INCLUDE_SOURCE;
				MTL_FAST_MATH = YES;
				ONLY_ACTIVE_ARCH = YES;
				SDKROOT = iphoneos;
				SWIFT_ACTIVE_COMPILATION_CONDITIONS = DEBUG;
				SWIFT_OPTIMIZATION_LEVEL = "-Onone";
			};
			name = Debug;
		};
		19DE57FA218D9470003268F0 /* Release */ = {
			isa = XCBuildConfiguration;
			buildSettings = {
				ALWAYS_SEARCH_USER_PATHS = NO;
				CLANG_ANALYZER_NONNULL = YES;
				CLANG_ANALYZER_NUMBER_OBJECT_CONVERSION = YES_AGGRESSIVE;
				CLANG_CXX_LANGUAGE_STANDARD = "gnu++14";
				CLANG_CXX_LIBRARY = "libc++";
				CLANG_ENABLE_MODULES = YES;
				CLANG_ENABLE_OBJC_ARC = YES;
				CLANG_ENABLE_OBJC_WEAK = YES;
				CLANG_WARN_BLOCK_CAPTURE_AUTORELEASING = YES;
				CLANG_WARN_BOOL_CONVERSION = YES;
				CLANG_WARN_COMMA = YES;
				CLANG_WARN_CONSTANT_CONVERSION = YES;
				CLANG_WARN_DEPRECATED_OBJC_IMPLEMENTATIONS = YES;
				CLANG_WARN_DIRECT_OBJC_ISA_USAGE = YES_ERROR;
				CLANG_WARN_DOCUMENTATION_COMMENTS = YES;
				CLANG_WARN_EMPTY_BODY = YES;
				CLANG_WARN_ENUM_CONVERSION = YES;
				CLANG_WARN_INFINITE_RECURSION = YES;
				CLANG_WARN_INT_CONVERSION = YES;
				CLANG_WARN_NON_LITERAL_NULL_CONVERSION = YES;
				CLANG_WARN_OBJC_IMPLICIT_RETAIN_SELF = YES;
				CLANG_WARN_OBJC_LITERAL_CONVERSION = YES;
				CLANG_WARN_OBJC_ROOT_CLASS = YES_ERROR;
				CLANG_WARN_RANGE_LOOP_ANALYSIS = YES;
				CLANG_WARN_STRICT_PROTOTYPES = YES;
				CLANG_WARN_SUSPICIOUS_MOVE = YES;
				CLANG_WARN_UNGUARDED_AVAILABILITY = YES_AGGRESSIVE;
				CLANG_WARN_UNREACHABLE_CODE = YES;
				CLANG_WARN__DUPLICATE_METHOD_MATCH = YES;
				CODE_SIGN_IDENTITY = "iPhone Developer";
				COPY_PHASE_STRIP = NO;
				DEBUG_INFORMATION_FORMAT = "dwarf-with-dsym";
				ENABLE_NS_ASSERTIONS = NO;
				ENABLE_STRICT_OBJC_MSGSEND = YES;
				GCC_C_LANGUAGE_STANDARD = gnu11;
				GCC_NO_COMMON_BLOCKS = YES;
				GCC_WARN_64_TO_32_BIT_CONVERSION = YES;
				GCC_WARN_ABOUT_RETURN_TYPE = YES_ERROR;
				GCC_WARN_UNDECLARED_SELECTOR = YES;
				GCC_WARN_UNINITIALIZED_AUTOS = YES_AGGRESSIVE;
				GCC_WARN_UNUSED_FUNCTION = YES;
				GCC_WARN_UNUSED_VARIABLE = YES;
				IPHONEOS_DEPLOYMENT_TARGET = 12.1;
				MTL_ENABLE_DEBUG_INFO = NO;
				MTL_FAST_MATH = YES;
				SDKROOT = iphoneos;
				SWIFT_COMPILATION_MODE = wholemodule;
				SWIFT_OPTIMIZATION_LEVEL = "-O";
				VALIDATE_PRODUCT = YES;
			};
			name = Release;
		};
		19DE57FC218D9470003268F0 /* Debug */ = {
			isa = XCBuildConfiguration;
			buildSettings = {
				ASSETCATALOG_COMPILER_APPICON_NAME = AppIcon;
				CODE_SIGN_STYLE = Automatic;
				INFOPLIST_FILE = backbaseassignment/Info.plist;
				LD_RUNPATH_SEARCH_PATHS = (
					"$(inherited)",
					"@executable_path/Frameworks",
				);
				PRODUCT_BUNDLE_IDENTIFIER = hu.lovastyik.backbaseassignment;
				PRODUCT_NAME = "$(TARGET_NAME)";
				SWIFT_VERSION = 4.2;
				TARGETED_DEVICE_FAMILY = "1,2";
			};
			name = Debug;
		};
		19DE57FD218D9470003268F0 /* Release */ = {
			isa = XCBuildConfiguration;
			buildSettings = {
				ASSETCATALOG_COMPILER_APPICON_NAME = AppIcon;
				CODE_SIGN_STYLE = Automatic;
				INFOPLIST_FILE = backbaseassignment/Info.plist;
				LD_RUNPATH_SEARCH_PATHS = (
					"$(inherited)",
					"@executable_path/Frameworks",
				);
				PRODUCT_BUNDLE_IDENTIFIER = hu.lovastyik.backbaseassignment;
				PRODUCT_NAME = "$(TARGET_NAME)";
				SWIFT_VERSION = 4.2;
				TARGETED_DEVICE_FAMILY = "1,2";
			};
			name = Release;
		};
/* End XCBuildConfiguration section */

/* Begin XCConfigurationList section */
		19DE57E1218D946D003268F0 /* Build configuration list for PBXProject "backbaseassignment" */ = {
			isa = XCConfigurationList;
			buildConfigurations = (
				19DE57F9218D9470003268F0 /* Debug */,
				19DE57FA218D9470003268F0 /* Release */,
			);
			defaultConfigurationIsVisible = 0;
			defaultConfigurationName = Release;
		};
		19DE57FB218D9470003268F0 /* Build configuration list for PBXNativeTarget "backbaseassignment" */ = {
			isa = XCConfigurationList;
			buildConfigurations = (
				19DE57FC218D9470003268F0 /* Debug */,
				19DE57FD218D9470003268F0 /* Release */,
			);
			defaultConfigurationIsVisible = 0;
			defaultConfigurationName = Release;
		};
/* End XCConfigurationList section */

/* Begin XCVersionGroup section */
		19DE57F0218D946D003268F0 /* backbaseassignment.xcdatamodeld */ = {
			isa = XCVersionGroup;
			children = (
				19DE57F1218D946D003268F0 /* backbaseassignment.xcdatamodel */,
			);
			currentVersion = 19DE57F1218D946D003268F0 /* backbaseassignment.xcdatamodel */;
			path = backbaseassignment.xcdatamodeld;
			sourceTree = "<group>";
			versionGroupType = wrapper.xcdatamodel;
		};
/* End XCVersionGroup section */
	};
	rootObject = 19DE57DE218D946D003268F0 /* Project object */;
}
